
Microsoft Visual Studio Solution File, Format Version 12.00
# Visual Studio Version 16
VisualStudioVersion = 16.0.29001.49
MinimumVisualStudioVersion = 10.0.40219.1
Project("{FAE04EC0-301F-11D3-BF4B-00C04F79EFBC}") = "SpeckleDynamo", "SpeckleDynamo\SpeckleDynamo.csproj", "{91E0BFFD-2945-471E-9007-3778AA174938}"
EndProject
Project("{FAE04EC0-301F-11D3-BF4B-00C04F79EFBC}") = "SpeckleDynamoExtension", "SpeckleDynamoExtension\SpeckleDynamoExtension.csproj", "{146EBF48-E7A0-4ABE-809D-D7F3059E4EE1}"
EndProject
Project("{2150E333-8FDC-42A3-9474-1A3956D46DE8}") = "Solution Items", "Solution Items", "{570200D1-4004-4DBF-9E1C-5E5F4B3448AE}"
	ProjectSection(SolutionItems) = preProject
		.editorconfig = .editorconfig
		appveyor.yml = appveyor.yml
		AssemblyVersionInfo.cs = AssemblyVersionInfo.cs
	EndProjectSection
EndProject
Project("{FAE04EC0-301F-11D3-BF4B-00C04F79EFBC}") = "SpeckleDynamoFunctions", "SpeckleDynamoFunctions\SpeckleDynamoFunctions.csproj", "{1DFDF56B-7E81-4F00-96E2-94D8178220F6}"
EndProject
Global
	GlobalSection(SolutionConfigurationPlatforms) = preSolution
		Debug|Any CPU = Debug|Any CPU
		Debug|x64 = Debug|x64
		DebugRevit|Any CPU = DebugRevit|Any CPU
		DebugRevit|x64 = DebugRevit|x64
		Release|Any CPU = Release|Any CPU
		Release|x64 = Release|x64
	EndGlobalSection
	GlobalSection(ProjectConfigurationPlatforms) = postSolution
		{91E0BFFD-2945-471E-9007-3778AA174938}.Debug|Any CPU.ActiveCfg = Debug|Any CPU
		{91E0BFFD-2945-471E-9007-3778AA174938}.Debug|Any CPU.Build.0 = Debug|Any CPU
		{91E0BFFD-2945-471E-9007-3778AA174938}.Debug|x64.ActiveCfg = Debug|Any CPU
		{91E0BFFD-2945-471E-9007-3778AA174938}.Debug|x64.Build.0 = Debug|Any CPU
		{91E0BFFD-2945-471E-9007-3778AA174938}.DebugRevit|Any CPU.ActiveCfg = DebugRevit|Any CPU
		{91E0BFFD-2945-471E-9007-3778AA174938}.DebugRevit|Any CPU.Build.0 = DebugRevit|Any CPU
		{91E0BFFD-2945-471E-9007-3778AA174938}.DebugRevit|x64.ActiveCfg = DebugRevit|Any CPU
		{91E0BFFD-2945-471E-9007-3778AA174938}.DebugRevit|x64.Build.0 = DebugRevit|Any CPU
		{91E0BFFD-2945-471E-9007-3778AA174938}.Release|Any CPU.ActiveCfg = Release|Any CPU
		{91E0BFFD-2945-471E-9007-3778AA174938}.Release|Any CPU.Build.0 = Release|Any CPU
		{91E0BFFD-2945-471E-9007-3778AA174938}.Release|x64.ActiveCfg = Release|Any CPU
		{91E0BFFD-2945-471E-9007-3778AA174938}.Release|x64.Build.0 = Release|Any CPU
		{146EBF48-E7A0-4ABE-809D-D7F3059E4EE1}.Debug|Any CPU.ActiveCfg = Debug|Any CPU
		{146EBF48-E7A0-4ABE-809D-D7F3059E4EE1}.Debug|Any CPU.Build.0 = Debug|Any CPU
		{146EBF48-E7A0-4ABE-809D-D7F3059E4EE1}.Debug|x64.ActiveCfg = Debug|Any CPU
		{146EBF48-E7A0-4ABE-809D-D7F3059E4EE1}.Debug|x64.Build.0 = Debug|Any CPU
		{146EBF48-E7A0-4ABE-809D-D7F3059E4EE1}.DebugRevit|Any CPU.ActiveCfg = Debug|Any CPU
		{146EBF48-E7A0-4ABE-809D-D7F3059E4EE1}.DebugRevit|Any CPU.Build.0 = Debug|Any CPU
		{146EBF48-E7A0-4ABE-809D-D7F3059E4EE1}.DebugRevit|x64.ActiveCfg = DebugRevit|Any CPU
		{146EBF48-E7A0-4ABE-809D-D7F3059E4EE1}.DebugRevit|x64.Build.0 = DebugRevit|Any CPU
		{146EBF48-E7A0-4ABE-809D-D7F3059E4EE1}.Release|Any CPU.ActiveCfg = Release|Any CPU
		{146EBF48-E7A0-4ABE-809D-D7F3059E4EE1}.Release|Any CPU.Build.0 = Release|Any CPU
		{146EBF48-E7A0-4ABE-809D-D7F3059E4EE1}.Release|x64.ActiveCfg = Release|Any CPU
		{146EBF48-E7A0-4ABE-809D-D7F3059E4EE1}.Release|x64.Build.0 = Release|Any CPU
		{1DFDF56B-7E81-4F00-96E2-94D8178220F6}.Debug|Any CPU.ActiveCfg = Debug|Any CPU
		{1DFDF56B-7E81-4F00-96E2-94D8178220F6}.Debug|Any CPU.Build.0 = Debug|Any CPU
		{1DFDF56B-7E81-4F00-96E2-94D8178220F6}.Debug|x64.ActiveCfg = Debug|Any CPU
		{1DFDF56B-7E81-4F00-96E2-94D8178220F6}.Debug|x64.Build.0 = Debug|Any CPU
		{1DFDF56B-7E81-4F00-96E2-94D8178220F6}.DebugRevit|Any CPU.ActiveCfg = Debug|Any CPU
		{1DFDF56B-7E81-4F00-96E2-94D8178220F6}.DebugRevit|Any CPU.Build.0 = Debug|Any CPU
		{1DFDF56B-7E81-4F00-96E2-94D8178220F6}.DebugRevit|x64.ActiveCfg = Debug|Any CPU
		{1DFDF56B-7E81-4F00-96E2-94D8178220F6}.DebugRevit|x64.Build.0 = Debug|Any CPU
		{1DFDF56B-7E81-4F00-96E2-94D8178220F6}.Release|Any CPU.ActiveCfg = Release|Any CPU
		{1DFDF56B-7E81-4F00-96E2-94D8178220F6}.Release|Any CPU.Build.0 = Release|Any CPU
		{1DFDF56B-7E81-4F00-96E2-94D8178220F6}.Release|x64.ActiveCfg = Release|Any CPU
		{1DFDF56B-7E81-4F00-96E2-94D8178220F6}.Release|x64.Build.0 = Release|Any CPU
	EndGlobalSection
	GlobalSection(SolutionProperties) = preSolution
		HideSolutionNode = FALSE
	EndGlobalSection
	GlobalSection(ExtensibilityGlobals) = postSolution
		SolutionGuid = {EE26807D-0F79-48CD-8402-FA6FEB5FD505}
	EndGlobalSection
EndGlobal
